{
  "pins" : [
    {
      "identity" : "adapters-swift",
      "kind" : "remoteSourceControl",
      "location" : "https://github.com/testit-tms/adapters-swift",
      "state" : {
        "revision" : "0170ab2d30b6bd03a116e7be9808af5803db371f",
        "version" : "1.0.0-rc1"
      }
    },
    {
      "identity" : "api-client-swift",
      "kind" : "remoteSourceControl",
      "location" : "https://github.com/testit-tms/api-client-swift",
      "state" : {
        "revision" : "2f6246f342e1e20d3d8be1dc1ff6746b831927d3",
        "version" : "0.5.3"
      }
    }
  ],
  "version" : 2
}
