// !$*UTF8*$!
{
	archiveVersion = 1;
	classes = {
	};
	objectVersion = 56;
	objects = {

/* Begin PBXBuildFile section */
		CE06781C2DDDB0BE00B73F2B /* main.swift in Sources */ = {isa = PBXBuildFile; fileRef = CE06781B2DDDB0BE00B73F2B /* main.swift */; };
		CE0678272DDDCBF300B73F2B /* testit-adapters-swift in Frameworks */ = {isa = PBXBuildFile; productRef = CE0678262DDDCBF300B73F2B /* testit-adapters-swift */; };
		CE06782F2DDDE2D600B73F2B /* tests.swift in Sources */ = {isa = PBXBuildFile; fileRef = CE06782E2DDDE2D600B73F2B /* tests.swift */; };
		CE0678352DDDE47600B73F2B /* file.txt in Resources */ = {isa = PBXBuildFile; fileRef = CE0678332DDDE47600B73F2B /* file.txt */; };
		CE0678362DDDE47600B73F2B /* testit.properties in Resources */ = {isa = PBXBuildFile; fileRef = CE0678342DDDE47600B73F2B /* testit.properties */; };
		CE06783B2DDDE65300B73F2B /* testit-adapters-swift in Frameworks */ = {isa = PBXBuildFile; productRef = CE06783A2DDDE65300B73F2B /* testit-adapters-swift */; };
/* End PBXBuildFile section */

/* Begin PBXCopyFilesBuildPhase section */
		CE0678162DDDB0BE00B73F2B /* CopyFiles */ = {
			isa = PBXCopyFilesBuildPhase;
			buildActionMask = 2147483647;
			dstPath = /usr/share/man/man1/;
			dstSubfolderSpec = 0;
			files = (
			);
			runOnlyForDeploymentPostprocessing = 1;
		};
/* End PBXCopyFilesBuildPhase section */

/* Begin PBXFileReference section */
		CE0678182DDDB0BE00B73F2B /* examples-swift */ = {isa = PBXFileReference; explicitFileType = "compiled.mach-o.executable"; includeInIndex = 0; path = "examples-swift"; sourceTree = BUILT_PRODUCTS_DIR; };
		CE06781B2DDDB0BE00B73F2B /* main.swift */ = {isa = PBXFileReference; lastKnownFileType = sourcecode.swift; path = main.swift; sourceTree = "<group>"; };
		CE06782C2DDDE2D600B73F2B /* tests.xctest */ = {isa = PBXFileReference; explicitFileType = wrapper.cfbundle; includeInIndex = 0; path = tests.xctest; sourceTree = BUILT_PRODUCTS_DIR; };
		CE06782E2DDDE2D600B73F2B /* tests.swift */ = {isa = PBXFileReference; lastKnownFileType = sourcecode.swift; path = tests.swift; sourceTree = "<group>"; };
		CE0678332DDDE47600B73F2B /* file.txt */ = {isa = PBXFileReference; fileEncoding = 4; lastKnownFileType = text; path = file.txt; sourceTree = "<group>"; };
		CE0678342DDDE47600B73F2B /* testit.properties */ = {isa = PBXFileReference; fileEncoding = 4; lastKnownFileType = text; path = testit.properties; sourceTree = "<group>"; };
/* End PBXFileReference section */

/* Begin PBXFrameworksBuildPhase section */
		CE0678152DDDB0BE00B73F2B /* Frameworks */ = {
			isa = PBXFrameworksBuildPhase;
			buildActionMask = 2147483647;
			files = (
				CE0678272DDDCBF300B73F2B /* testit-adapters-swift in Frameworks */,
			);
			runOnlyForDeploymentPostprocessing = 0;
		};
		CE0678292DDDE2D600B73F2B /* Frameworks */ = {
			isa = PBXFrameworksBuildPhase;
			buildActionMask = 2147483647;
			files = (
				CE06783B2DDDE65300B73F2B /* testit-adapters-swift in Frameworks */,
			);
			runOnlyForDeploymentPostprocessing = 0;
		};
/* End PBXFrameworksBuildPhase section */

/* Begin PBXGroup section */
		CE06780F2DDDB0BD00B73F2B = {
			isa = PBXGroup;
			children = (
				CE06781A2DDDB0BE00B73F2B /* examples-swift */,
				CE06782D2DDDE2D600B73F2B /* tests */,
				CE0678192DDDB0BE00B73F2B /* Products */,
				CE0678392DDDE65300B73F2B /* Frameworks */,
			);
			sourceTree = "<group>";
		};
		CE0678192DDDB0BE00B73F2B /* Products */ = {
			isa = PBXGroup;
			children = (
				CE0678182DDDB0BE00B73F2B /* examples-swift */,
				CE06782C2DDDE2D600B73F2B /* tests.xctest */,
			);
			name = Products;
			sourceTree = "<group>";
		};
		CE06781A2DDDB0BE00B73F2B /* examples-swift */ = {
			isa = PBXGroup;
			children = (
				CE06781B2DDDB0BE00B73F2B /* main.swift */,
			);
			path = "examples-swift";
			sourceTree = "<group>";
		};
		CE06782D2DDDE2D600B73F2B /* tests */ = {
			isa = PBXGroup;
			children = (
				CE0678332DDDE47600B73F2B /* file.txt */,
				CE0678342DDDE47600B73F2B /* testit.properties */,
				CE06782E2DDDE2D600B73F2B /* tests.swift */,
			);
			path = tests;
			sourceTree = "<group>";
		};
		CE0678392DDDE65300B73F2B /* Frameworks */ = {
			isa = PBXGroup;
			children = (
			);
			name = Frameworks;
			sourceTree = "<group>";
		};
/* End PBXGroup section */

/* Begin PBXNativeTarget section */
		CE0678172DDDB0BE00B73F2B /* examples-swift */ = {
			isa = PBXNativeTarget;
			buildConfigurationList = CE06781F2DDDB0BE00B73F2B /* Build configuration list for PBXNativeTarget "examples-swift" */;
			buildPhases = (
				CE0678142DDDB0BE00B73F2B /* Sources */,
				CE0678152DDDB0BE00B73F2B /* Frameworks */,
				CE0678162DDDB0BE00B73F2B /* CopyFiles */,
			);
			buildRules = (
			);
			dependencies = (
			);
			name = "examples-swift";
			packageProductDependencies = (
				CE0678262DDDCBF300B73F2B /* testit-adapters-swift */,
			);
			productName = "examples-swift";
			productReference = CE0678182DDDB0BE00B73F2B /* examples-swift */;
			productType = "com.apple.product-type.tool";
		};
		CE06782B2DDDE2D600B73F2B /* tests */ = {
			isa = PBXNativeTarget;
			buildConfigurationList = CE0678302DDDE2D600B73F2B /* Build configuration list for PBXNativeTarget "tests" */;
			buildPhases = (
				CE0678282DDDE2D600B73F2B /* Sources */,
				CE0678292DDDE2D600B73F2B /* Frameworks */,
				CE06782A2DDDE2D600B73F2B /* Resources */,
			);
			buildRules = (
			);
			dependencies = (
			);
			name = tests;
			packageProductDependencies = (
				CE06783A2DDDE65300B73F2B /* testit-adapters-swift */,
			);
			productName = tests;
			productReference = CE06782C2DDDE2D600B73F2B /* tests.xctest */;
			productType = "com.apple.product-type.bundle.unit-test";
		};
/* End PBXNativeTarget section */

/* Begin PBXProject section */
		CE0678102DDDB0BD00B73F2B /* Project object */ = {
			isa = PBXProject;
			attributes = {
				BuildIndependentTargetsInParallel = 1;
				LastSwiftUpdateCheck = 1510;
				LastUpgradeCheck = 1510;
				TargetAttributes = {
					CE0678172DDDB0BE00B73F2B = {
						CreatedOnToolsVersion = 15.1;
					};
					CE06782B2DDDE2D600B73F2B = {
						CreatedOnToolsVersion = 15.1;
					};
				};
			};
			buildConfigurationList = CE0678132DDDB0BD00B73F2B /* Build configuration list for PBXProject "examples-swift" */;
			compatibilityVersion = "Xcode 14.0";
			developmentRegion = en;
			hasScannedForEncodings = 0;
			knownRegions = (
				en,
				Base,
			);
			mainGroup = CE06780F2DDDB0BD00B73F2B;
			packageReferences = (
				CE0678252DDDCBF300B73F2B /* XCRemoteSwiftPackageReference "adapters-swift" */,
			);
			productRefGroup = CE0678192DDDB0BE00B73F2B /* Products */;
			projectDirPath = "";
			projectRoot = "";
			targets = (
				CE0678172DDDB0BE00B73F2B /* examples-swift */,
				CE06782B2DDDE2D600B73F2B /* tests */,
			);
		};
/* End PBXProject section */

/* Begin PBXResourcesBuildPhase section */
		CE06782A2DDDE2D600B73F2B /* Resources */ = {
			isa = PBXResourcesBuildPhase;
			buildActionMask = 2147483647;
			files = (
				CE0678352DDDE47600B73F2B /* file.txt in Resources */,
				CE0678362DDDE47600B73F2B /* testit.properties in Resources */,
			);
			runOnlyForDeploymentPostprocessing = 0;
		};
/* End PBXResourcesBuildPhase section */

/* Begin PBXSourcesBuildPhase section */
		CE0678142DDDB0BE00B73F2B /* Sources */ = {
			isa = PBXSourcesBuildPhase;
			buildActionMask = 2147483647;
			files = (
				CE06781C2DDDB0BE00B73F2B /* main.swift in Sources */,
			);
			runOnlyForDeploymentPostprocessing = 0;
		};
		CE0678282DDDE2D600B73F2B /* Sources */ = {
			isa = PBXSourcesBuildPhase;
			buildActionMask = 2147483647;
			files = (
				CE06782F2DDDE2D600B73F2B /* tests.swift in Sources */,
			);
			runOnlyForDeploymentPostprocessing = 0;
		};
/* End PBXSourcesBuildPhase section */

/* Begin XCBuildConfiguration section */
		CE06781D2DDDB0BE00B73F2B /* Debug */ = {
			isa = XCBuildConfiguration;
			buildSettings = {
				ALWAYS_SEARCH_USER_PATHS = NO;
				ASSETCATALOG_COMPILER_GENERATE_SWIFT_ASSET_SYMBOL_EXTENSIONS = YES;
				CLANG_ANALYZER_NONNULL = YES;
				CLANG_ANALYZER_NUMBER_OBJECT_CONVERSION = YES_AGGRESSIVE;
				CLANG_CXX_LANGUAGE_STANDARD = "gnu++20";
				CLANG_ENABLE_MODULES = YES;
				CLANG_ENABLE_OBJC_ARC = YES;
				CLANG_ENABLE_OBJC_WEAK = YES;
				CLANG_WARN_BLOCK_CAPTURE_AUTORELEASING = YES;
				CLANG_WARN_BOOL_CONVERSION = YES;
				CLANG_WARN_COMMA = YES;
				CLANG_WARN_CONSTANT_CONVERSION = YES;
				CLANG_WARN_DEPRECATED_OBJC_IMPLEMENTATIONS = YES;
				CLANG_WARN_DIRECT_OBJC_ISA_USAGE = YES_ERROR;
				CLANG_WARN_DOCUMENTATION_COMMENTS = YES;
				CLANG_WARN_EMPTY_BODY = YES;
				CLANG_WARN_ENUM_CONVERSION = YES;
				CLANG_WARN_INFINITE_RECURSION = YES;
				CLANG_WARN_INT_CONVERSION = YES;
				CLANG_WARN_NON_LITERAL_NULL_CONVERSION = YES;
				CLANG_WARN_OBJC_IMPLICIT_RETAIN_SELF = YES;
				CLANG_WARN_OBJC_LITERAL_CONVERSION = YES;
				CLANG_WARN_OBJC_ROOT_CLASS = YES_ERROR;
				CLANG_WARN_QUOTED_INCLUDE_IN_FRAMEWORK_HEADER = YES;
				CLANG_WARN_RANGE_LOOP_ANALYSIS = YES;
				CLANG_WARN_STRICT_PROTOTYPES = YES;
				CLANG_WARN_SUSPICIOUS_MOVE = YES;
				CLANG_WARN_UNGUARDED_AVAILABILITY = YES_AGGRESSIVE;
				CLANG_WARN_UNREACHABLE_CODE = YES;
				CLANG_WARN__DUPLICATE_METHOD_MATCH = YES;
				COPY_PHASE_STRIP = NO;
				DEBUG_INFORMATION_FORMAT = dwarf;
				ENABLE_STRICT_OBJC_MSGSEND = YES;
				ENABLE_TESTABILITY = YES;
				ENABLE_USER_SCRIPT_SANDBOXING = YES;
				GCC_C_LANGUAGE_STANDARD = gnu17;
				GCC_DYNAMIC_NO_PIC = NO;
				GCC_NO_COMMON_BLOCKS = YES;
				GCC_OPTIMIZATION_LEVEL = 0;
				GCC_PREPROCESSOR_DEFINITIONS = (
					"DEBUG=1",
					"$(inherited)",
				);
				GCC_WARN_64_TO_32_BIT_CONVERSION = YES;
				GCC_WARN_ABOUT_RETURN_TYPE = YES_ERROR;
				GCC_WARN_UNDECLARED_SELECTOR = YES;
				GCC_WARN_UNINITIALIZED_AUTOS = YES_AGGRESSIVE;
				GCC_WARN_UNUSED_FUNCTION = YES;
				GCC_WARN_UNUSED_VARIABLE = YES;
				LOCALIZATION_PREFERS_STRING_CATALOGS = YES;
				MACOSX_DEPLOYMENT_TARGET = 14.2;
				MTL_ENABLE_DEBUG_INFO = INCLUDE_SOURCE;
				MTL_FAST_MATH = YES;
				ONLY_ACTIVE_ARCH = YES;
				SDKROOT = macosx;
				SWIFT_ACTIVE_COMPILATION_CONDITIONS = "DEBUG $(inherited)";
				SWIFT_OPTIMIZATION_LEVEL = "-Onone";
			};
			name = Debug;
		};
		CE06781E2DDDB0BE00B73F2B /* Release */ = {
			isa = XCBuildConfiguration;
			buildSettings = {
				ALWAYS_SEARCH_USER_PATHS = NO;
				ASSETCATALOG_COMPILER_GENERATE_SWIFT_ASSET_SYMBOL_EXTENSIONS = YES;
				CLANG_ANALYZER_NONNULL = YES;
				CLANG_ANALYZER_NUMBER_OBJECT_CONVERSION = YES_AGGRESSIVE;
				CLANG_CXX_LANGUAGE_STANDARD = "gnu++20";
				CLANG_ENABLE_MODULES = YES;
				CLANG_ENABLE_OBJC_ARC = YES;
				CLANG_ENABLE_OBJC_WEAK = YES;
				CLANG_WARN_BLOCK_CAPTURE_AUTORELEASING = YES;
				CLANG_WARN_BOOL_CONVERSION = YES;
				CLANG_WARN_COMMA = YES;
				CLANG_WARN_CONSTANT_CONVERSION = YES;
				CLANG_WARN_DEPRECATED_OBJC_IMPLEMENTATIONS = YES;
				CLANG_WARN_DIRECT_OBJC_ISA_USAGE = YES_ERROR;
				CLANG_WARN_DOCUMENTATION_COMMENTS = YES;
				CLANG_WARN_EMPTY_BODY = YES;
				CLANG_WARN_ENUM_CONVERSION = YES;
				CLANG_WARN_INFINITE_RECURSION = YES;
				CLANG_WARN_INT_CONVERSION = YES;
				CLANG_WARN_NON_LITERAL_NULL_CONVERSION = YES;
				CLANG_WARN_OBJC_IMPLICIT_RETAIN_SELF = YES;
				CLANG_WARN_OBJC_LITERAL_CONVERSION = YES;
				CLANG_WARN_OBJC_ROOT_CLASS = YES_ERROR;
				CLANG_WARN_QUOTED_INCLUDE_IN_FRAMEWORK_HEADER = YES;
				CLANG_WARN_RANGE_LOOP_ANALYSIS = YES;
				CLANG_WARN_STRICT_PROTOTYPES = YES;
				CLANG_WARN_SUSPICIOUS_MOVE = YES;
				CLANG_WARN_UNGUARDED_AVAILABILITY = YES_AGGRESSIVE;
				CLANG_WARN_UNREACHABLE_CODE = YES;
				CLANG_WARN__DUPLICATE_METHOD_MATCH = YES;
				COPY_PHASE_STRIP = NO;
				DEBUG_INFORMATION_FORMAT = "dwarf-with-dsym";
				ENABLE_NS_ASSERTIONS = NO;
				ENABLE_STRICT_OBJC_MSGSEND = YES;
				ENABLE_USER_SCRIPT_SANDBOXING = YES;
				GCC_C_LANGUAGE_STANDARD = gnu17;
				GCC_NO_COMMON_BLOCKS = YES;
				GCC_WARN_64_TO_32_BIT_CONVERSION = YES;
				GCC_WARN_ABOUT_RETURN_TYPE = YES_ERROR;
				GCC_WARN_UNDECLARED_SELECTOR = YES;
				GCC_WARN_UNINITIALIZED_AUTOS = YES_AGGRESSIVE;
				GCC_WARN_UNUSED_FUNCTION = YES;
				GCC_WARN_UNUSED_VARIABLE = YES;
				LOCALIZATION_PREFERS_STRING_CATALOGS = YES;
				MACOSX_DEPLOYMENT_TARGET = 14.2;
				MTL_ENABLE_DEBUG_INFO = NO;
				MTL_FAST_MATH = YES;
				SDKROOT = macosx;
				SWIFT_COMPILATION_MODE = wholemodule;
			};
			name = Release;
		};
		CE0678202DDDB0BE00B73F2B /* Debug */ = {
			isa = XCBuildConfiguration;
			buildSettings = {
				CODE_SIGN_STYLE = Automatic;
				PRODUCT_NAME = "$(TARGET_NAME)";
				SWIFT_VERSION = 5.0;
			};
			name = Debug;
		};
		CE0678212DDDB0BE00B73F2B /* Release */ = {
			isa = XCBuildConfiguration;
			buildSettings = {
				CODE_SIGN_STYLE = Automatic;
				PRODUCT_NAME = "$(TARGET_NAME)";
				SWIFT_VERSION = 5.0;
			};
			name = Release;
		};
		CE0678312DDDE2D600B73F2B /* Debug */ = {
			isa = XCBuildConfiguration;
			buildSettings = {
				CODE_SIGN_STYLE = Automatic;
				CURRENT_PROJECT_VERSION = 1;
				GENERATE_INFOPLIST_FILE = YES;
				IPHONEOS_DEPLOYMENT_TARGET = 17.2;
				MACOSX_DEPLOYMENT_TARGET = 14.2;
				MARKETING_VERSION = 1.0;
				PRODUCT_BUNDLE_IDENTIFIER = testit.tests;
				PRODUCT_NAME = "$(TARGET_NAME)";
				SDKROOT = auto;
				SUPPORTED_PLATFORMS = "iphoneos iphonesimulator macosx";
				SWIFT_EMIT_LOC_STRINGS = NO;
				SWIFT_VERSION = 5.0;
				TARGETED_DEVICE_FAMILY = "1,2";
			};
			name = Debug;
		};
		CE0678322DDDE2D600B73F2B /* Release */ = {
			isa = XCBuildConfiguration;
			buildSettings = {
				CODE_SIGN_STYLE = Automatic;
				CURRENT_PROJECT_VERSION = 1;
				GENERATE_INFOPLIST_FILE = YES;
				IPHONEOS_DEPLOYMENT_TARGET = 17.2;
				MACOSX_DEPLOYMENT_TARGET = 14.2;
				MARKETING_VERSION = 1.0;
				PRODUCT_BUNDLE_IDENTIFIER = testit.tests;
				PRODUCT_NAME = "$(TARGET_NAME)";
				SDKROOT = auto;
				SUPPORTED_PLATFORMS = "iphoneos iphonesimulator macosx";
				SWIFT_EMIT_LOC_STRINGS = NO;
				SWIFT_VERSION = 5.0;
				TARGETED_DEVICE_FAMILY = "1,2";
			};
			name = Release;
		};
/* End XCBuildConfiguration section */

/* Begin XCConfigurationList section */
		CE0678132DDDB0BD00B73F2B /* Build configuration list for PBXProject "examples-swift" */ = {
			isa = XCConfigurationList;
			buildConfigurations = (
				CE06781D2DDDB0BE00B73F2B /* Debug */,
				CE06781E2DDDB0BE00B73F2B /* Release */,
			);
			defaultConfigurationIsVisible = 0;
			defaultConfigurationName = Release;
		};
		CE06781F2DDDB0BE00B73F2B /* Build configuration list for PBXNativeTarget "examples-swift" */ = {
			isa = XCConfigurationList;
			buildConfigurations = (
				CE0678202DDDB0BE00B73F2B /* Debug */,
				CE0678212DDDB0BE00B73F2B /* Release */,
			);
			defaultConfigurationIsVisible = 0;
			defaultConfigurationName = Release;
		};
		CE0678302DDDE2D600B73F2B /* Build configuration list for PBXNativeTarget "tests" */ = {
			isa = XCConfigurationList;
			buildConfigurations = (
				CE0678312DDDE2D600B73F2B /* Debug */,
				CE0678322DDDE2D600B73F2B /* Release */,
			);
			defaultConfigurationIsVisible = 0;
			defaultConfigurationName = Release;
		};
/* End XCConfigurationList section */

/* Begin XCRemoteSwiftPackageReference section */
		CE0678252DDDCBF300B73F2B /* XCRemoteSwiftPackageReference "adapters-swift" */ = {
			isa = XCRemoteSwiftPackageReference;
			repositoryURL = "https://github.com/testit-tms/adapters-swift";
			requirement = {
				kind = upToNextMajorVersion;
				minimumVersion = 0.0.1;
			};
		};
/* End XCRemoteSwiftPackageReference section */

/* Begin XCSwiftPackageProductDependency section */
		CE0678262DDDCBF300B73F2B /* testit-adapters-swift */ = {
			isa = XCSwiftPackageProductDependency;
			package = CE0678252DDDCBF300B73F2B /* XCRemoteSwiftPackageReference "adapters-swift" */;
			productName = "testit-adapters-swift";
		};
		CE06783A2DDDE65300B73F2B /* testit-adapters-swift */ = {
			isa = XCSwiftPackageProductDependency;
			package = CE0678252DDDCBF300B73F2B /* XCRemoteSwiftPackageReference "adapters-swift" */;
			productName = "testit-adapters-swift";
		};
/* End XCSwiftPackageProductDependency section */
	};
	rootObject = CE0678102DDDB0BD00B73F2B /* Project object */;
}
